
Microsoft Visual Studio Solution File, Format Version 12.00
# Visual Studio Version 17
VisualStudioVersion = 17.2.32616.157
MinimumVisualStudioVersion = 10.0.40219.1
Project("{FAE04EC0-301F-11D3-BF4B-00C04F79EFBC}") = "VCare2", "VCare2\VCare2.csproj", "{F761133E-A0AA-4848-B54D-45058985B890}"
EndProject
Global
	GlobalSection(SolutionConfigurationPlatforms) = preSolution
		Debug|Any CPU = Debug|Any CPU
		Release|Any CPU = Release|Any CPU
	EndGlobalSection
	GlobalSection(ProjectConfigurationPlatforms) = postSolution
		{F761133E-A0AA-4848-B54D-45058985B890}.Debug|Any CPU.ActiveCfg = Debug|Any CPU
		{F761133E-A0AA-4848-B54D-45058985B890}.Debug|Any CPU.Build.0 = Debug|Any CPU
		{F761133E-A0AA-4848-B54D-45058985B890}.Release|Any CPU.ActiveCfg = Release|Any CPU
		{F761133E-A0AA-4848-B54D-45058985B890}.Release|Any CPU.Build.0 = Release|Any CPU
	EndGlobalSection
	GlobalSection(SolutionProperties) = preSolution
		HideSolutionNode = FALSE
	EndGlobalSection
	GlobalSection(ExtensibilityGlobals) = postSolution
		SolutionGuid = {8FC4CEDE-D9E7-4A14-A25D-AD697218B3DF}
	EndGlobalSection
EndGlobal
